
Microsoft Visual Studio Solution File, Format Version 12.00
# Visual Studio Version 16
VisualStudioVersion = 16.0.31702.278
MinimumVisualStudioVersion = 10.0.40219.1
Project("{FAE04EC0-301F-11D3-BF4B-00C04F79EFBC}") = "AddPrefixRule", "AddPrefixRule\AddPrefixRule.csproj", "{E4C040C4-3BB2-46ED-84E9-03CD02164DD8}"
EndProject
Global
	GlobalSection(SolutionConfigurationPlatforms) = preSolution
		Debug|Any CPU = Debug|Any CPU
		Release|Any CPU = Release|Any CPU
	EndGlobalSection
	GlobalSection(ProjectConfigurationPlatforms) = postSolution
		{E4C040C4-3BB2-46ED-84E9-03CD02164DD8}.Debug|Any CPU.ActiveCfg = Debug|Any CPU
		{E4C040C4-3BB2-46ED-84E9-03CD02164DD8}.Debug|Any CPU.Build.0 = Debug|Any CPU
		{E4C040C4-3BB2-46ED-84E9-03CD02164DD8}.Release|Any CPU.ActiveCfg = Release|Any CPU
		{E4C040C4-3BB2-46ED-84E9-03CD02164DD8}.Release|Any CPU.Build.0 = Release|Any CPU
	EndGlobalSection
	GlobalSection(SolutionProperties) = preSolution
		HideSolutionNode = FALSE
	EndGlobalSection
	GlobalSection(ExtensibilityGlobals) = postSolution
		SolutionGuid = {065382D5-1C60-4AD8-80F7-BEC49DC4EAD7}
	EndGlobalSection
EndGlobal
